
Microsoft Visual Studio Solution File, Format Version 12.00
# Visual Studio Version 17
VisualStudioVersion = 17.8.34408.163
MinimumVisualStudioVersion = 10.0.40219.1
Project("{9A19103F-16F7-4668-BE54-9A1E7A4F7556}") = "Core", "Core\Core.csproj", "{8222C417-9283-4796-85A1-FE0E6527DB91}"
	ProjectSection(ProjectDependencies) = postProject
		{6FCFB346-A6F3-4D77-8119-4CAE7EF7E4E0} = {6FCFB346-A6F3-4D77-8119-4CAE7EF7E4E0}
	EndProjectSection
EndProject
Project("{9A19103F-16F7-4668-BE54-9A1E7A4F7556}") = "Entity", "Entity\Entity.csproj", "{6FCFB346-A6F3-4D77-8119-4CAE7EF7E4E0}"
EndProject
Project("{9A19103F-16F7-4668-BE54-9A1E7A4F7556}") = "Persistence", "Persistence\Persistence.csproj", "{478F4554-B39B-48A6-B3DA-1EBF1EAF96A0}"
EndProject
Project("{9A19103F-16F7-4668-BE54-9A1E7A4F7556}") = "Ui", "Ui\Ui.csproj", "{7F7871F7-0797-4D40-A1F2-6AD27480CD14}"
EndProject
Project("{FAE04EC0-301F-11D3-BF4B-00C04F79EFBC}") = "MainUi", "MainUi\MainUi.csproj", "{557325EB-F96A-4DC4-8644-1A5CD6A97091}"
EndProject
Global
	GlobalSection(SolutionConfigurationPlatforms) = preSolution
		Debug|Any CPU = Debug|Any CPU
		Release|Any CPU = Release|Any CPU
	EndGlobalSection
	GlobalSection(ProjectConfigurationPlatforms) = postSolution
		{8222C417-9283-4796-85A1-FE0E6527DB91}.Debug|Any CPU.ActiveCfg = Debug|Any CPU
		{8222C417-9283-4796-85A1-FE0E6527DB91}.Debug|Any CPU.Build.0 = Debug|Any CPU
		{8222C417-9283-4796-85A1-FE0E6527DB91}.Release|Any CPU.ActiveCfg = Release|Any CPU
		{8222C417-9283-4796-85A1-FE0E6527DB91}.Release|Any CPU.Build.0 = Release|Any CPU
		{6FCFB346-A6F3-4D77-8119-4CAE7EF7E4E0}.Debug|Any CPU.ActiveCfg = Debug|Any CPU
		{6FCFB346-A6F3-4D77-8119-4CAE7EF7E4E0}.Debug|Any CPU.Build.0 = Debug|Any CPU
		{6FCFB346-A6F3-4D77-8119-4CAE7EF7E4E0}.Release|Any CPU.ActiveCfg = Release|Any CPU
		{6FCFB346-A6F3-4D77-8119-4CAE7EF7E4E0}.Release|Any CPU.Build.0 = Release|Any CPU
		{478F4554-B39B-48A6-B3DA-1EBF1EAF96A0}.Debug|Any CPU.ActiveCfg = Debug|Any CPU
		{478F4554-B39B-48A6-B3DA-1EBF1EAF96A0}.Debug|Any CPU.Build.0 = Debug|Any CPU
		{478F4554-B39B-48A6-B3DA-1EBF1EAF96A0}.Release|Any CPU.ActiveCfg = Release|Any CPU
		{478F4554-B39B-48A6-B3DA-1EBF1EAF96A0}.Release|Any CPU.Build.0 = Release|Any CPU
		{7F7871F7-0797-4D40-A1F2-6AD27480CD14}.Debug|Any CPU.ActiveCfg = Debug|Any CPU
		{7F7871F7-0797-4D40-A1F2-6AD27480CD14}.Debug|Any CPU.Build.0 = Debug|Any CPU
		{7F7871F7-0797-4D40-A1F2-6AD27480CD14}.Release|Any CPU.ActiveCfg = Release|Any CPU
		{7F7871F7-0797-4D40-A1F2-6AD27480CD14}.Release|Any CPU.Build.0 = Release|Any CPU
		{557325EB-F96A-4DC4-8644-1A5CD6A97091}.Debug|Any CPU.ActiveCfg = Debug|Any CPU
		{557325EB-F96A-4DC4-8644-1A5CD6A97091}.Debug|Any CPU.Build.0 = Debug|Any CPU
		{557325EB-F96A-4DC4-8644-1A5CD6A97091}.Release|Any CPU.ActiveCfg = Release|Any CPU
		{557325EB-F96A-4DC4-8644-1A5CD6A97091}.Release|Any CPU.Build.0 = Release|Any CPU
	EndGlobalSection
	GlobalSection(SolutionProperties) = preSolution
		HideSolutionNode = FALSE
	EndGlobalSection
	GlobalSection(ExtensibilityGlobals) = postSolution
		SolutionGuid = {50DCED7B-AF9A-4194-AB54-45A790FD0D24}
	EndGlobalSection
EndGlobal
