
Microsoft Visual Studio Solution File, Format Version 12.00
# Visual Studio Version 17
VisualStudioVersion = 17.8.34408.163
MinimumVisualStudioVersion = 10.0.40219.1
Project("{9A19103F-16F7-4668-BE54-9A1E7A4F7556}") = "Core", "Core\Core.csproj", "{8222C417-9283-4796-85A1-FE0E6527DB91}"
	ProjectSection(ProjectDependencies) = postProject
		{6FCFB346-A6F3-4D77-8119-4CAE7EF7E4E0} = {6FCFB346-A6F3-4D77-8119-4CAE7EF7E4E0}
	EndProjectSection
EndProject
Project("{9A19103F-16F7-4668-BE54-9A1E7A4F7556}") = "Entity", "Entity\Entity.csproj", "{6FCFB346-A6F3-4D77-8119-4CAE7EF7E4E0}"
EndProject
Project("{9A19103F-16F7-4668-BE54-9A1E7A4F7556}") = "Persistence", "Persistence\Persistence.csproj", "{478F4554-B39B-48A6-B3DA-1EBF1EAF96A0}"
EndProject
Project("{9A19103F-16F7-4668-BE54-9A1E7A4F7556}") = "Starter", "Starter\Starter.csproj", "{025F3BEC-BCA1-4414-AF3B-EC1BFF74DE14}"
EndProject
Project("{9A19103F-16F7-4668-BE54-9A1E7A4F7556}") = "BoundaryHelper", "BoundaryHelper\BoundaryHelper.csproj", "{542004BC-4A4B-40C2-A870-65710F80BA1F}"
EndProject
Project("{9A19103F-16F7-4668-BE54-9A1E7A4F7556}") = "ConsoleApplication", "ConsoleUi\ConsoleApplication.csproj", "{D78B5F36-6451-4E52-BBAC-C015DEFD53E3}"
EndProject
Project("{9A19103F-16F7-4668-BE54-9A1E7A4F7556}") = "Core.Test", "Core.Test\Core.Test.csproj", "{BB4D5743-2B2C-4FF1-807C-A8405E9C541B}"
EndProject
Project("{FAE04EC0-301F-11D3-BF4B-00C04F79EFBC}") = "Persistence.Test", "Persistence.Test\Persistence.Test.csproj", "{AA0DE5B4-6007-4019-B71A-AE9888D3C136}"
EndProject
Global
	GlobalSection(SolutionConfigurationPlatforms) = preSolution
		Debug|Any CPU = Debug|Any CPU
		Release|Any CPU = Release|Any CPU
	EndGlobalSection
	GlobalSection(ProjectConfigurationPlatforms) = postSolution
		{8222C417-9283-4796-85A1-FE0E6527DB91}.Debug|Any CPU.ActiveCfg = Debug|Any CPU
		{8222C417-9283-4796-85A1-FE0E6527DB91}.Debug|Any CPU.Build.0 = Debug|Any CPU
		{8222C417-9283-4796-85A1-FE0E6527DB91}.Release|Any CPU.ActiveCfg = Release|Any CPU
		{8222C417-9283-4796-85A1-FE0E6527DB91}.Release|Any CPU.Build.0 = Release|Any CPU
		{6FCFB346-A6F3-4D77-8119-4CAE7EF7E4E0}.Debug|Any CPU.ActiveCfg = Debug|Any CPU
		{6FCFB346-A6F3-4D77-8119-4CAE7EF7E4E0}.Debug|Any CPU.Build.0 = Debug|Any CPU
		{6FCFB346-A6F3-4D77-8119-4CAE7EF7E4E0}.Release|Any CPU.ActiveCfg = Release|Any CPU
		{6FCFB346-A6F3-4D77-8119-4CAE7EF7E4E0}.Release|Any CPU.Build.0 = Release|Any CPU
		{478F4554-B39B-48A6-B3DA-1EBF1EAF96A0}.Debug|Any CPU.ActiveCfg = Debug|Any CPU
		{478F4554-B39B-48A6-B3DA-1EBF1EAF96A0}.Debug|Any CPU.Build.0 = Debug|Any CPU
		{478F4554-B39B-48A6-B3DA-1EBF1EAF96A0}.Release|Any CPU.ActiveCfg = Release|Any CPU
		{478F4554-B39B-48A6-B3DA-1EBF1EAF96A0}.Release|Any CPU.Build.0 = Release|Any CPU
		{025F3BEC-BCA1-4414-AF3B-EC1BFF74DE14}.Debug|Any CPU.ActiveCfg = Debug|Any CPU
		{025F3BEC-BCA1-4414-AF3B-EC1BFF74DE14}.Debug|Any CPU.Build.0 = Debug|Any CPU
		{025F3BEC-BCA1-4414-AF3B-EC1BFF74DE14}.Release|Any CPU.ActiveCfg = Release|Any CPU
		{025F3BEC-BCA1-4414-AF3B-EC1BFF74DE14}.Release|Any CPU.Build.0 = Release|Any CPU
		{542004BC-4A4B-40C2-A870-65710F80BA1F}.Debug|Any CPU.ActiveCfg = Debug|Any CPU
		{542004BC-4A4B-40C2-A870-65710F80BA1F}.Debug|Any CPU.Build.0 = Debug|Any CPU
		{542004BC-4A4B-40C2-A870-65710F80BA1F}.Release|Any CPU.ActiveCfg = Release|Any CPU
		{542004BC-4A4B-40C2-A870-65710F80BA1F}.Release|Any CPU.Build.0 = Release|Any CPU
		{D78B5F36-6451-4E52-BBAC-C015DEFD53E3}.Debug|Any CPU.ActiveCfg = Debug|Any CPU
		{D78B5F36-6451-4E52-BBAC-C015DEFD53E3}.Debug|Any CPU.Build.0 = Debug|Any CPU
		{D78B5F36-6451-4E52-BBAC-C015DEFD53E3}.Release|Any CPU.ActiveCfg = Release|Any CPU
		{D78B5F36-6451-4E52-BBAC-C015DEFD53E3}.Release|Any CPU.Build.0 = Release|Any CPU
		{BB4D5743-2B2C-4FF1-807C-A8405E9C541B}.Debug|Any CPU.ActiveCfg = Debug|Any CPU
		{BB4D5743-2B2C-4FF1-807C-A8405E9C541B}.Debug|Any CPU.Build.0 = Debug|Any CPU
		{BB4D5743-2B2C-4FF1-807C-A8405E9C541B}.Release|Any CPU.ActiveCfg = Release|Any CPU
		{BB4D5743-2B2C-4FF1-807C-A8405E9C541B}.Release|Any CPU.Build.0 = Release|Any CPU
		{AA0DE5B4-6007-4019-B71A-AE9888D3C136}.Debug|Any CPU.ActiveCfg = Debug|Any CPU
		{AA0DE5B4-6007-4019-B71A-AE9888D3C136}.Debug|Any CPU.Build.0 = Debug|Any CPU
		{AA0DE5B4-6007-4019-B71A-AE9888D3C136}.Release|Any CPU.ActiveCfg = Release|Any CPU
		{AA0DE5B4-6007-4019-B71A-AE9888D3C136}.Release|Any CPU.Build.0 = Release|Any CPU
	EndGlobalSection
	GlobalSection(SolutionProperties) = preSolution
		HideSolutionNode = FALSE
	EndGlobalSection
	GlobalSection(ExtensibilityGlobals) = postSolution
		SolutionGuid = {50DCED7B-AF9A-4194-AB54-45A790FD0D24}
	EndGlobalSection
EndGlobal
